
Microsoft Visual Studio Solution File, Format Version 12.00
# Visual Studio Version 16
VisualStudioVersion = 16.0.30907.101
MinimumVisualStudioVersion = 10.0.40219.1
Project("{9A19103F-16F7-4668-BE54-9A1E7A4F7556}") = "Core", "Core\Core.csproj", "{19B8BF73-410B-4AFC-AC71-9916612C31A0}"
EndProject
Project("{9A19103F-16F7-4668-BE54-9A1E7A4F7556}") = "Data", "Data\Data.csproj", "{825DBEDB-FAA3-4684-993C-D79726A161FB}"
EndProject
Project("{9A19103F-16F7-4668-BE54-9A1E7A4F7556}") = "Service", "Service\Service.csproj", "{0F0605AF-6893-443F-91D6-54C9C83A44EC}"
EndProject
Project("{9A19103F-16F7-4668-BE54-9A1E7A4F7556}") = "Web", "Web\Web.csproj", "{8102E5EC-0687-48DB-A582-3300BFBDD699}"
EndProject
Project("{9A19103F-16F7-4668-BE54-9A1E7A4F7556}") = "Integration", "Integration\Integration.csproj", "{9A8D3FDA-C6D0-4283-B75E-E60DA1B942E7}"
EndProject
Project("{9A19103F-16F7-4668-BE54-9A1E7A4F7556}") = "WebAPI", "WebAPI\WebAPI.csproj", "{B3B2C0C3-08A5-4A03-841A-20D0F73F0B50}"
EndProject
Global
	GlobalSection(SolutionConfigurationPlatforms) = preSolution
		Debug|Any CPU = Debug|Any CPU
		Release|Any CPU = Release|Any CPU
	EndGlobalSection
	GlobalSection(ProjectConfigurationPlatforms) = postSolution
		{19B8BF73-410B-4AFC-AC71-9916612C31A0}.Debug|Any CPU.ActiveCfg = Debug|Any CPU
		{19B8BF73-410B-4AFC-AC71-9916612C31A0}.Debug|Any CPU.Build.0 = Debug|Any CPU
		{19B8BF73-410B-4AFC-AC71-9916612C31A0}.Release|Any CPU.ActiveCfg = Release|Any CPU
		{19B8BF73-410B-4AFC-AC71-9916612C31A0}.Release|Any CPU.Build.0 = Release|Any CPU
		{825DBEDB-FAA3-4684-993C-D79726A161FB}.Debug|Any CPU.ActiveCfg = Debug|Any CPU
		{825DBEDB-FAA3-4684-993C-D79726A161FB}.Debug|Any CPU.Build.0 = Debug|Any CPU
		{825DBEDB-FAA3-4684-993C-D79726A161FB}.Release|Any CPU.ActiveCfg = Release|Any CPU
		{825DBEDB-FAA3-4684-993C-D79726A161FB}.Release|Any CPU.Build.0 = Release|Any CPU
		{0F0605AF-6893-443F-91D6-54C9C83A44EC}.Debug|Any CPU.ActiveCfg = Debug|Any CPU
		{0F0605AF-6893-443F-91D6-54C9C83A44EC}.Debug|Any CPU.Build.0 = Debug|Any CPU
		{0F0605AF-6893-443F-91D6-54C9C83A44EC}.Release|Any CPU.ActiveCfg = Release|Any CPU
		{0F0605AF-6893-443F-91D6-54C9C83A44EC}.Release|Any CPU.Build.0 = Release|Any CPU
		{8102E5EC-0687-48DB-A582-3300BFBDD699}.Debug|Any CPU.ActiveCfg = Debug|Any CPU
		{8102E5EC-0687-48DB-A582-3300BFBDD699}.Debug|Any CPU.Build.0 = Debug|Any CPU
		{8102E5EC-0687-48DB-A582-3300BFBDD699}.Release|Any CPU.ActiveCfg = Release|Any CPU
		{8102E5EC-0687-48DB-A582-3300BFBDD699}.Release|Any CPU.Build.0 = Release|Any CPU
		{9A8D3FDA-C6D0-4283-B75E-E60DA1B942E7}.Debug|Any CPU.ActiveCfg = Debug|Any CPU
		{9A8D3FDA-C6D0-4283-B75E-E60DA1B942E7}.Debug|Any CPU.Build.0 = Debug|Any CPU
		{9A8D3FDA-C6D0-4283-B75E-E60DA1B942E7}.Release|Any CPU.ActiveCfg = Release|Any CPU
		{9A8D3FDA-C6D0-4283-B75E-E60DA1B942E7}.Release|Any CPU.Build.0 = Release|Any CPU
		{B3B2C0C3-08A5-4A03-841A-20D0F73F0B50}.Debug|Any CPU.ActiveCfg = Debug|Any CPU
		{B3B2C0C3-08A5-4A03-841A-20D0F73F0B50}.Debug|Any CPU.Build.0 = Debug|Any CPU
		{B3B2C0C3-08A5-4A03-841A-20D0F73F0B50}.Release|Any CPU.ActiveCfg = Release|Any CPU
		{B3B2C0C3-08A5-4A03-841A-20D0F73F0B50}.Release|Any CPU.Build.0 = Release|Any CPU
	EndGlobalSection
	GlobalSection(SolutionProperties) = preSolution
		HideSolutionNode = FALSE
	EndGlobalSection
	GlobalSection(ExtensibilityGlobals) = postSolution
		SolutionGuid = {C824DB95-3A98-4EDE-B509-DF790FD76D6D}
	EndGlobalSection
EndGlobal
